
Microsoft Visual Studio Solution File, Format Version 12.00
# Visual Studio 15
VisualStudioVersion = 15.0.28010.2019
MinimumVisualStudioVersion = 10.0.40219.1
Project("{FAE04EC0-301F-11D3-BF4B-00C04F79EFBC}") = "program1", "program1\program1.csproj", "{17B97068-2414-4D3F-AC89-5BB2CB147BFB}"
EndProject
Project("{FAE04EC0-301F-11D3-BF4B-00C04F79EFBC}") = "program1Tests", "program1Tests\program1Tests.csproj", "{FBA32CDC-D057-47D4-9BD6-69FFAF31D82E}"
EndProject
Global
	GlobalSection(SolutionConfigurationPlatforms) = preSolution
		Debug|Any CPU = Debug|Any CPU
		Release|Any CPU = Release|Any CPU
	EndGlobalSection
	GlobalSection(ProjectConfigurationPlatforms) = postSolution
		{17B97068-2414-4D3F-AC89-5BB2CB147BFB}.Debug|Any CPU.ActiveCfg = Debug|Any CPU
		{17B97068-2414-4D3F-AC89-5BB2CB147BFB}.Debug|Any CPU.Build.0 = Debug|Any CPU
		{17B97068-2414-4D3F-AC89-5BB2CB147BFB}.Release|Any CPU.ActiveCfg = Release|Any CPU
		{17B97068-2414-4D3F-AC89-5BB2CB147BFB}.Release|Any CPU.Build.0 = Release|Any CPU
		{FBA32CDC-D057-47D4-9BD6-69FFAF31D82E}.Debug|Any CPU.ActiveCfg = Debug|Any CPU
		{FBA32CDC-D057-47D4-9BD6-69FFAF31D82E}.Debug|Any CPU.Build.0 = Debug|Any CPU
		{FBA32CDC-D057-47D4-9BD6-69FFAF31D82E}.Release|Any CPU.ActiveCfg = Release|Any CPU
		{FBA32CDC-D057-47D4-9BD6-69FFAF31D82E}.Release|Any CPU.Build.0 = Release|Any CPU
	EndGlobalSection
	GlobalSection(SolutionProperties) = preSolution
		HideSolutionNode = FALSE
	EndGlobalSection
	GlobalSection(ExtensibilityGlobals) = postSolution
		SolutionGuid = {726E9D55-BC6F-4DC2-AC1B-3B1CEC8A9395}
	EndGlobalSection
EndGlobal
